
Microsoft Visual Studio Solution File, Format Version 12.00
# Visual Studio Version 17
VisualStudioVersion = 17.5.33627.172
MinimumVisualStudioVersion = 10.0.40219.1
Project("{FAE04EC0-301F-11D3-BF4B-00C04F79EFBC}") = "EsportsCaster", "adminlte\EsportsCaster.csproj", "{137833FC-20C9-455B-9E2D-A7F562820336}"
EndProject
Project("{FAE04EC0-301F-11D3-BF4B-00C04F79EFBC}") = "YoutubetoSpeach", "YoutubetoSpeach\YoutubetoSpeach.csproj", "{C6104510-1CFE-4DB2-8631-994A748B81CC}"
EndProject
Global
	GlobalSection(SolutionConfigurationPlatforms) = preSolution
		Debug|Any CPU = Debug|Any CPU
		Release|Any CPU = Release|Any CPU
	EndGlobalSection
	GlobalSection(ProjectConfigurationPlatforms) = postSolution
		{137833FC-20C9-455B-9E2D-A7F562820336}.Debug|Any CPU.ActiveCfg = Debug|Any CPU
		{137833FC-20C9-455B-9E2D-A7F562820336}.Debug|Any CPU.Build.0 = Debug|Any CPU
		{137833FC-20C9-455B-9E2D-A7F562820336}.Release|Any CPU.ActiveCfg = Release|Any CPU
		{137833FC-20C9-455B-9E2D-A7F562820336}.Release|Any CPU.Build.0 = Release|Any CPU
		{C6104510-1CFE-4DB2-8631-994A748B81CC}.Debug|Any CPU.ActiveCfg = Debug|Any CPU
		{C6104510-1CFE-4DB2-8631-994A748B81CC}.Debug|Any CPU.Build.0 = Debug|Any CPU
		{C6104510-1CFE-4DB2-8631-994A748B81CC}.Release|Any CPU.ActiveCfg = Release|Any CPU
		{C6104510-1CFE-4DB2-8631-994A748B81CC}.Release|Any CPU.Build.0 = Release|Any CPU
	EndGlobalSection
	GlobalSection(SolutionProperties) = preSolution
		HideSolutionNode = FALSE
	EndGlobalSection
	GlobalSection(ExtensibilityGlobals) = postSolution
		SolutionGuid = {43B1B96A-0F41-44BE-9603-AA88C8022AE7}
	EndGlobalSection
EndGlobal
